// !$*UTF8*$!
{
	archiveVersion = 1;
	classes = {
	};
	objectVersion = 77;
	objects = {

/* Begin PBXContainerItemProxy section */
		A2A27CA32DDA5FE0007EFA69 /* PBXContainerItemProxy */ = {
			isa = PBXContainerItemProxy;
			containerPortal = A2A27C8D2DDA5FE0007EFA69 /* Project object */;
			proxyType = 1;
			remoteGlobalIDString = A2A27C942DDA5FE0007EFA69;
			remoteInfo = "edts-assignment-klik-product-detail";
		};
		A2A27CAD2DDA5FE0007EFA69 /* PBXContainerItemProxy */ = {
			isa = PBXContainerItemProxy;
			containerPortal = A2A27C8D2DDA5FE0007EFA69 /* Project object */;
			proxyType = 1;
			remoteGlobalIDString = A2A27C942DDA5FE0007EFA69;
			remoteInfo = "edts-assignment-klik-product-detail";
		};
/* End PBXContainerItemProxy section */

/* Begin PBXFileReference section */
		A2A27C952DDA5FE0007EFA69 /* edts-assignment-klik-product-detail.app */ = {isa = PBXFileReference; explicitFileType = wrapper.application; includeInIndex = 0; path = "edts-assignment-klik-product-detail.app"; sourceTree = BUILT_PRODUCTS_DIR; };
		A2A27CA22DDA5FE0007EFA69 /* edts-assignment-klik-product-detailTests.xctest */ = {isa = PBXFileReference; explicitFileType = wrapper.cfbundle; includeInIndex = 0; path = "edts-assignment-klik-product-detailTests.xctest"; sourceTree = BUILT_PRODUCTS_DIR; };
		A2A27CAC2DDA5FE0007EFA69 /* edts-assignment-klik-product-detailUITests.xctest */ = {isa = PBXFileReference; explicitFileType = wrapper.cfbundle; includeInIndex = 0; path = "edts-assignment-klik-product-detailUITests.xctest"; sourceTree = BUILT_PRODUCTS_DIR; };
/* End PBXFileReference section */

/* Begin PBXFileSystemSynchronizedRootGroup section */
		A2A27C972DDA5FE0007EFA69 /* edts-assignment-klik-product-detail */ = {
			isa = PBXFileSystemSynchronizedRootGroup;
			path = "edts-assignment-klik-product-detail";
			sourceTree = "<group>";
		};
		A2A27CA52DDA5FE0007EFA69 /* edts-assignment-klik-product-detailTests */ = {
			isa = PBXFileSystemSynchronizedRootGroup;
			path = "edts-assignment-klik-product-detailTests";
			sourceTree = "<group>";
		};
		A2A27CAF2DDA5FE0007EFA69 /* edts-assignment-klik-product-detailUITests */ = {
			isa = PBXFileSystemSynchronizedRootGroup;
			path = "edts-assignment-klik-product-detailUITests";
			sourceTree = "<group>";
		};
/* End PBXFileSystemSynchronizedRootGroup section */

/* Begin PBXFrameworksBuildPhase section */
		A2A27C922DDA5FE0007EFA69 /* Frameworks */ = {
			isa = PBXFrameworksBuildPhase;
			buildActionMask = 2147483647;
			files = (
			);
			runOnlyForDeploymentPostprocessing = 0;
		};
		A2A27C9F2DDA5FE0007EFA69 /* Frameworks */ = {
			isa = PBXFrameworksBuildPhase;
			buildActionMask = 2147483647;
			files = (
			);
			runOnlyForDeploymentPostprocessing = 0;
		};
		A2A27CA92DDA5FE0007EFA69 /* Frameworks */ = {
			isa = PBXFrameworksBuildPhase;
			buildActionMask = 2147483647;
			files = (
			);
			runOnlyForDeploymentPostprocessing = 0;
		};
/* End PBXFrameworksBuildPhase section */

/* Begin PBXGroup section */
		A2A27C8C2DDA5FE0007EFA69 = {
			isa = PBXGroup;
			children = (
				A2A27C972DDA5FE0007EFA69 /* edts-assignment-klik-product-detail */,
				A2A27CA52DDA5FE0007EFA69 /* edts-assignment-klik-product-detailTests */,
				A2A27CAF2DDA5FE0007EFA69 /* edts-assignment-klik-product-detailUITests */,
				A2A27C962DDA5FE0007EFA69 /* Products */,
			);
			sourceTree = "<group>";
		};
		A2A27C962DDA5FE0007EFA69 /* Products */ = {
			isa = PBXGroup;
			children = (
				A2A27C952DDA5FE0007EFA69 /* edts-assignment-klik-product-detail.app */,
				A2A27CA22DDA5FE0007EFA69 /* edts-assignment-klik-product-detailTests.xctest */,
				A2A27CAC2DDA5FE0007EFA69 /* edts-assignment-klik-product-detailUITests.xctest */,
			);
			name = Products;
			sourceTree = "<group>";
		};
/* End PBXGroup section */

/* Begin PBXNativeTarget section */
		A2A27C942DDA5FE0007EFA69 /* edts-assignment-klik-product-detail */ = {
			isa = PBXNativeTarget;
			buildConfigurationList = A2A27CB62DDA5FE0007EFA69 /* Build configuration list for PBXNativeTarget "edts-assignment-klik-product-detail" */;
			buildPhases = (
				A2A27C912DDA5FE0007EFA69 /* Sources */,
				A2A27C922DDA5FE0007EFA69 /* Frameworks */,
				A2A27C932DDA5FE0007EFA69 /* Resources */,
			);
			buildRules = (
			);
			dependencies = (
			);
			fileSystemSynchronizedGroups = (
				A2A27C972DDA5FE0007EFA69 /* edts-assignment-klik-product-detail */,
			);
			name = "edts-assignment-klik-product-detail";
			packageProductDependencies = (
			);
			productName = "edts-assignment-klik-product-detail";
			productReference = A2A27C952DDA5FE0007EFA69 /* edts-assignment-klik-product-detail.app */;
			productType = "com.apple.product-type.application";
		};
		A2A27CA12DDA5FE0007EFA69 /* edts-assignment-klik-product-detailTests */ = {
			isa = PBXNativeTarget;
			buildConfigurationList = A2A27CB92DDA5FE0007EFA69 /* Build configuration list for PBXNativeTarget "edts-assignment-klik-product-detailTests" */;
			buildPhases = (
				A2A27C9E2DDA5FE0007EFA69 /* Sources */,
				A2A27C9F2DDA5FE0007EFA69 /* Frameworks */,
				A2A27CA02DDA5FE0007EFA69 /* Resources */,
			);
			buildRules = (
			);
			dependencies = (
				A2A27CA42DDA5FE0007EFA69 /* PBXTargetDependency */,
			);
			fileSystemSynchronizedGroups = (
				A2A27CA52DDA5FE0007EFA69 /* edts-assignment-klik-product-detailTests */,
			);
			name = "edts-assignment-klik-product-detailTests";
			packageProductDependencies = (
			);
			productName = "edts-assignment-klik-product-detailTests";
			productReference = A2A27CA22DDA5FE0007EFA69 /* edts-assignment-klik-product-detailTests.xctest */;
			productType = "com.apple.product-type.bundle.unit-test";
		};
		A2A27CAB2DDA5FE0007EFA69 /* edts-assignment-klik-product-detailUITests */ = {
			isa = PBXNativeTarget;
			buildConfigurationList = A2A27CBC2DDA5FE0007EFA69 /* Build configuration list for PBXNativeTarget "edts-assignment-klik-product-detailUITests" */;
			buildPhases = (
				A2A27CA82DDA5FE0007EFA69 /* Sources */,
				A2A27CA92DDA5FE0007EFA69 /* Frameworks */,
				A2A27CAA2DDA5FE0007EFA69 /* Resources */,
			);
			buildRules = (
			);
			dependencies = (
				A2A27CAE2DDA5FE0007EFA69 /* PBXTargetDependency */,
			);
			fileSystemSynchronizedGroups = (
				A2A27CAF2DDA5FE0007EFA69 /* edts-assignment-klik-product-detailUITests */,
			);
			name = "edts-assignment-klik-product-detailUITests";
			packageProductDependencies = (
			);
			productName = "edts-assignment-klik-product-detailUITests";
			productReference = A2A27CAC2DDA5FE0007EFA69 /* edts-assignment-klik-product-detailUITests.xctest */;
			productType = "com.apple.product-type.bundle.ui-testing";
		};
/* End PBXNativeTarget section */

/* Begin PBXProject section */
		A2A27C8D2DDA5FE0007EFA69 /* Project object */ = {
			isa = PBXProject;
			attributes = {
				BuildIndependentTargetsInParallel = 1;
				LastSwiftUpdateCheck = 1630;
				LastUpgradeCheck = 1630;
				TargetAttributes = {
					A2A27C942DDA5FE0007EFA69 = {
						CreatedOnToolsVersion = 16.3;
					};
					A2A27CA12DDA5FE0007EFA69 = {
						CreatedOnToolsVersion = 16.3;
						TestTargetID = A2A27C942DDA5FE0007EFA69;
					};
					A2A27CAB2DDA5FE0007EFA69 = {
						CreatedOnToolsVersion = 16.3;
						TestTargetID = A2A27C942DDA5FE0007EFA69;
					};
				};
			};
			buildConfigurationList = A2A27C902DDA5FE0007EFA69 /* Build configuration list for PBXProject "edts-assignment-klik-product-detail" */;
			developmentRegion = en;
			hasScannedForEncodings = 0;
			knownRegions = (
				en,
				Base,
			);
			mainGroup = A2A27C8C2DDA5FE0007EFA69;
			minimizedProjectReferenceProxies = 1;
			preferredProjectObjectVersion = 77;
			productRefGroup = A2A27C962DDA5FE0007EFA69 /* Products */;
			projectDirPath = "";
			projectRoot = "";
			targets = (
				A2A27C942DDA5FE0007EFA69 /* edts-assignment-klik-product-detail */,
				A2A27CA12DDA5FE0007EFA69 /* edts-assignment-klik-product-detailTests */,
				A2A27CAB2DDA5FE0007EFA69 /* edts-assignment-klik-product-detailUITests */,
			);
		};
/* End PBXProject section */

/* Begin PBXResourcesBuildPhase section */
		A2A27C932DDA5FE0007EFA69 /* Resources */ = {
			isa = PBXResourcesBuildPhase;
			buildActionMask = 2147483647;
			files = (
			);
			runOnlyForDeploymentPostprocessing = 0;
		};
		A2A27CA02DDA5FE0007EFA69 /* Resources */ = {
			isa = PBXResourcesBuildPhase;
			buildActionMask = 2147483647;
			files = (
			);
			runOnlyForDeploymentPostprocessing = 0;
		};
		A2A27CAA2DDA5FE0007EFA69 /* Resources */ = {
			isa = PBXResourcesBuildPhase;
			buildActionMask = 2147483647;
			files = (
			);
			runOnlyForDeploymentPostprocessing = 0;
		};
/* End PBXResourcesBuildPhase section */

/* Begin PBXSourcesBuildPhase section */
		A2A27C912DDA5FE0007EFA69 /* Sources */ = {
			isa = PBXSourcesBuildPhase;
			buildActionMask = 2147483647;
			files = (
			);
			runOnlyForDeploymentPostprocessing = 0;
		};
		A2A27C9E2DDA5FE0007EFA69 /* Sources */ = {
			isa = PBXSourcesBuildPhase;
			buildActionMask = 2147483647;
			files = (
			);
			runOnlyForDeploymentPostprocessing = 0;
		};
		A2A27CA82DDA5FE0007EFA69 /* Sources */ = {
			isa = PBXSourcesBuildPhase;
			buildActionMask = 2147483647;
			files = (
			);
			runOnlyForDeploymentPostprocessing = 0;
		};
/* End PBXSourcesBuildPhase section */

/* Begin PBXTargetDependency section */
		A2A27CA42DDA5FE0007EFA69 /* PBXTargetDependency */ = {
			isa = PBXTargetDependency;
			target = A2A27C942DDA5FE0007EFA69 /* edts-assignment-klik-product-detail */;
			targetProxy = A2A27CA32DDA5FE0007EFA69 /* PBXContainerItemProxy */;
		};
		A2A27CAE2DDA5FE0007EFA69 /* PBXTargetDependency */ = {
			isa = PBXTargetDependency;
			target = A2A27C942DDA5FE0007EFA69 /* edts-assignment-klik-product-detail */;
			targetProxy = A2A27CAD2DDA5FE0007EFA69 /* PBXContainerItemProxy */;
		};
/* End PBXTargetDependency section */

/* Begin XCBuildConfiguration section */
		A2A27CB42DDA5FE0007EFA69 /* Debug */ = {
			isa = XCBuildConfiguration;
			buildSettings = {
				ALWAYS_SEARCH_USER_PATHS = NO;
				ASSETCATALOG_COMPILER_GENERATE_SWIFT_ASSET_SYMBOL_EXTENSIONS = YES;
				CLANG_ANALYZER_NONNULL = YES;
				CLANG_ANALYZER_NUMBER_OBJECT_CONVERSION = YES_AGGRESSIVE;
				CLANG_CXX_LANGUAGE_STANDARD = "gnu++20";
				CLANG_ENABLE_MODULES = YES;
				CLANG_ENABLE_OBJC_ARC = YES;
				CLANG_ENABLE_OBJC_WEAK = YES;
				CLANG_WARN_BLOCK_CAPTURE_AUTORELEASING = YES;
				CLANG_WARN_BOOL_CONVERSION = YES;
				CLANG_WARN_COMMA = YES;
				CLANG_WARN_CONSTANT_CONVERSION = YES;
				CLANG_WARN_DEPRECATED_OBJC_IMPLEMENTATIONS = YES;
				CLANG_WARN_DIRECT_OBJC_ISA_USAGE = YES_ERROR;
				CLANG_WARN_DOCUMENTATION_COMMENTS = YES;
				CLANG_WARN_EMPTY_BODY = YES;
				CLANG_WARN_ENUM_CONVERSION = YES;
				CLANG_WARN_INFINITE_RECURSION = YES;
				CLANG_WARN_INT_CONVERSION = YES;
				CLANG_WARN_NON_LITERAL_NULL_CONVERSION = YES;
				CLANG_WARN_OBJC_IMPLICIT_RETAIN_SELF = YES;
				CLANG_WARN_OBJC_LITERAL_CONVERSION = YES;
				CLANG_WARN_OBJC_ROOT_CLASS = YES_ERROR;
				CLANG_WARN_QUOTED_INCLUDE_IN_FRAMEWORK_HEADER = YES;
				CLANG_WARN_RANGE_LOOP_ANALYSIS = YES;
				CLANG_WARN_STRICT_PROTOTYPES = YES;
				CLANG_WARN_SUSPICIOUS_MOVE = YES;
				CLANG_WARN_UNGUARDED_AVAILABILITY = YES_AGGRESSIVE;
				CLANG_WARN_UNREACHABLE_CODE = YES;
				CLANG_WARN__DUPLICATE_METHOD_MATCH = YES;
				COPY_PHASE_STRIP = NO;
				DEBUG_INFORMATION_FORMAT = dwarf;
				ENABLE_STRICT_OBJC_MSGSEND = YES;
				ENABLE_TESTABILITY = YES;
				ENABLE_USER_SCRIPT_SANDBOXING = YES;
				GCC_C_LANGUAGE_STANDARD = gnu17;
				GCC_DYNAMIC_NO_PIC = NO;
				GCC_NO_COMMON_BLOCKS = YES;
				GCC_OPTIMIZATION_LEVEL = 0;
				GCC_PREPROCESSOR_DEFINITIONS = (
					"DEBUG=1",
					"$(inherited)",
				);
				GCC_WARN_64_TO_32_BIT_CONVERSION = YES;
				GCC_WARN_ABOUT_RETURN_TYPE = YES_ERROR;
				GCC_WARN_UNDECLARED_SELECTOR = YES;
				GCC_WARN_UNINITIALIZED_AUTOS = YES_AGGRESSIVE;
				GCC_WARN_UNUSED_FUNCTION = YES;
				GCC_WARN_UNUSED_VARIABLE = YES;
				IPHONEOS_DEPLOYMENT_TARGET = 18.4;
				LOCALIZATION_PREFERS_STRING_CATALOGS = YES;
				MTL_ENABLE_DEBUG_INFO = INCLUDE_SOURCE;
				MTL_FAST_MATH = YES;
				ONLY_ACTIVE_ARCH = YES;
				SDKROOT = iphoneos;
				SWIFT_ACTIVE_COMPILATION_CONDITIONS = "DEBUG $(inherited)";
				SWIFT_OPTIMIZATION_LEVEL = "-Onone";
			};
			name = Debug;
		};
		A2A27CB52DDA5FE0007EFA69 /* Release */ = {
			isa = XCBuildConfiguration;
			buildSettings = {
				ALWAYS_SEARCH_USER_PATHS = NO;
				ASSETCATALOG_COMPILER_GENERATE_SWIFT_ASSET_SYMBOL_EXTENSIONS = YES;
				CLANG_ANALYZER_NONNULL = YES;
				CLANG_ANALYZER_NUMBER_OBJECT_CONVERSION = YES_AGGRESSIVE;
				CLANG_CXX_LANGUAGE_STANDARD = "gnu++20";
				CLANG_ENABLE_MODULES = YES;
				CLANG_ENABLE_OBJC_ARC = YES;
				CLANG_ENABLE_OBJC_WEAK = YES;
				CLANG_WARN_BLOCK_CAPTURE_AUTORELEASING = YES;
				CLANG_WARN_BOOL_CONVERSION = YES;
				CLANG_WARN_COMMA = YES;
				CLANG_WARN_CONSTANT_CONVERSION = YES;
				CLANG_WARN_DEPRECATED_OBJC_IMPLEMENTATIONS = YES;
				CLANG_WARN_DIRECT_OBJC_ISA_USAGE = YES_ERROR;
				CLANG_WARN_DOCUMENTATION_COMMENTS = YES;
				CLANG_WARN_EMPTY_BODY = YES;
				CLANG_WARN_ENUM_CONVERSION = YES;
				CLANG_WARN_INFINITE_RECURSION = YES;
				CLANG_WARN_INT_CONVERSION = YES;
				CLANG_WARN_NON_LITERAL_NULL_CONVERSION = YES;
				CLANG_WARN_OBJC_IMPLICIT_RETAIN_SELF = YES;
				CLANG_WARN_OBJC_LITERAL_CONVERSION = YES;
				CLANG_WARN_OBJC_ROOT_CLASS = YES_ERROR;
				CLANG_WARN_QUOTED_INCLUDE_IN_FRAMEWORK_HEADER = YES;
				CLANG_WARN_RANGE_LOOP_ANALYSIS = YES;
				CLANG_WARN_STRICT_PROTOTYPES = YES;
				CLANG_WARN_SUSPICIOUS_MOVE = YES;
				CLANG_WARN_UNGUARDED_AVAILABILITY = YES_AGGRESSIVE;
				CLANG_WARN_UNREACHABLE_CODE = YES;
				CLANG_WARN__DUPLICATE_METHOD_MATCH = YES;
				COPY_PHASE_STRIP = NO;
				DEBUG_INFORMATION_FORMAT = "dwarf-with-dsym";
				ENABLE_NS_ASSERTIONS = NO;
				ENABLE_STRICT_OBJC_MSGSEND = YES;
				ENABLE_USER_SCRIPT_SANDBOXING = YES;
				GCC_C_LANGUAGE_STANDARD = gnu17;
				GCC_NO_COMMON_BLOCKS = YES;
				GCC_WARN_64_TO_32_BIT_CONVERSION = YES;
				GCC_WARN_ABOUT_RETURN_TYPE = YES_ERROR;
				GCC_WARN_UNDECLARED_SELECTOR = YES;
				GCC_WARN_UNINITIALIZED_AUTOS = YES_AGGRESSIVE;
				GCC_WARN_UNUSED_FUNCTION = YES;
				GCC_WARN_UNUSED_VARIABLE = YES;
				IPHONEOS_DEPLOYMENT_TARGET = 18.4;
				LOCALIZATION_PREFERS_STRING_CATALOGS = YES;
				MTL_ENABLE_DEBUG_INFO = NO;
				MTL_FAST_MATH = YES;
				SDKROOT = iphoneos;
				SWIFT_COMPILATION_MODE = wholemodule;
				VALIDATE_PRODUCT = YES;
			};
			name = Release;
		};
		A2A27CB72DDA5FE0007EFA69 /* Debug */ = {
			isa = XCBuildConfiguration;
			buildSettings = {
				ASSETCATALOG_COMPILER_APPICON_NAME = AppIcon;
				ASSETCATALOG_COMPILER_GLOBAL_ACCENT_COLOR_NAME = AccentColor;
				CODE_SIGN_STYLE = Automatic;
				CURRENT_PROJECT_VERSION = 1;
				ENABLE_PREVIEWS = YES;
				GENERATE_INFOPLIST_FILE = YES;
				INFOPLIST_KEY_UIApplicationSceneManifest_Generation = YES;
				INFOPLIST_KEY_UIApplicationSupportsIndirectInputEvents = YES;
				INFOPLIST_KEY_UILaunchScreen_Generation = YES;
				INFOPLIST_KEY_UISupportedInterfaceOrientations_iPad = "UIInterfaceOrientationPortrait UIInterfaceOrientationPortraitUpsideDown UIInterfaceOrientationLandscapeLeft UIInterfaceOrientationLandscapeRight";
				INFOPLIST_KEY_UISupportedInterfaceOrientations_iPhone = "UIInterfaceOrientationPortrait UIInterfaceOrientationLandscapeLeft UIInterfaceOrientationLandscapeRight";
				LD_RUNPATH_SEARCH_PATHS = (
					"$(inherited)",
					"@executable_path/Frameworks",
				);
				MARKETING_VERSION = 1.0;
				PRODUCT_BUNDLE_IDENTIFIER = "com.fauzanspratama.edts-assignment-klik-product-detail";
				PRODUCT_NAME = "$(TARGET_NAME)";
				SWIFT_EMIT_LOC_STRINGS = YES;
				SWIFT_VERSION = 5.0;
				TARGETED_DEVICE_FAMILY = "1,2";
			};
			name = Debug;
		};
		A2A27CB82DDA5FE0007EFA69 /* Release */ = {
			isa = XCBuildConfiguration;
			buildSettings = {
				ASSETCATALOG_COMPILER_APPICON_NAME = AppIcon;
				ASSETCATALOG_COMPILER_GLOBAL_ACCENT_COLOR_NAME = AccentColor;
				CODE_SIGN_STYLE = Automatic;
				CURRENT_PROJECT_VERSION = 1;
				ENABLE_PREVIEWS = YES;
				GENERATE_INFOPLIST_FILE = YES;
				INFOPLIST_KEY_UIApplicationSceneManifest_Generation = YES;
				INFOPLIST_KEY_UIApplicationSupportsIndirectInputEvents = YES;
				INFOPLIST_KEY_UILaunchScreen_Generation = YES;
				INFOPLIST_KEY_UISupportedInterfaceOrientations_iPad = "UIInterfaceOrientationPortrait UIInterfaceOrientationPortraitUpsideDown UIInterfaceOrientationLandscapeLeft UIInterfaceOrientationLandscapeRight";
				INFOPLIST_KEY_UISupportedInterfaceOrientations_iPhone = "UIInterfaceOrientationPortrait UIInterfaceOrientationLandscapeLeft UIInterfaceOrientationLandscapeRight";
				LD_RUNPATH_SEARCH_PATHS = (
					"$(inherited)",
					"@executable_path/Frameworks",
				);
				MARKETING_VERSION = 1.0;
				PRODUCT_BUNDLE_IDENTIFIER = "com.fauzanspratama.edts-assignment-klik-product-detail";
				PRODUCT_NAME = "$(TARGET_NAME)";
				SWIFT_EMIT_LOC_STRINGS = YES;
				SWIFT_VERSION = 5.0;
				TARGETED_DEVICE_FAMILY = "1,2";
			};
			name = Release;
		};
		A2A27CBA2DDA5FE0007EFA69 /* Debug */ = {
			isa = XCBuildConfiguration;
			buildSettings = {
				BUNDLE_LOADER = "$(TEST_HOST)";
				CODE_SIGN_STYLE = Automatic;
				CURRENT_PROJECT_VERSION = 1;
				GENERATE_INFOPLIST_FILE = YES;
				IPHONEOS_DEPLOYMENT_TARGET = 18.4;
				MARKETING_VERSION = 1.0;
				PRODUCT_BUNDLE_IDENTIFIER = "com.fauzanspratama.edts-assignment-klik-product-detailTests";
				PRODUCT_NAME = "$(TARGET_NAME)";
				SWIFT_EMIT_LOC_STRINGS = NO;
				SWIFT_VERSION = 5.0;
				TARGETED_DEVICE_FAMILY = "1,2";
				TEST_HOST = "$(BUILT_PRODUCTS_DIR)/edts-assignment-klik-product-detail.app/$(BUNDLE_EXECUTABLE_FOLDER_PATH)/edts-assignment-klik-product-detail";
			};
			name = Debug;
		};
		A2A27CBB2DDA5FE0007EFA69 /* Release */ = {
			isa = XCBuildConfiguration;
			buildSettings = {
				BUNDLE_LOADER = "$(TEST_HOST)";
				CODE_SIGN_STYLE = Automatic;
				CURRENT_PROJECT_VERSION = 1;
				GENERATE_INFOPLIST_FILE = YES;
				IPHONEOS_DEPLOYMENT_TARGET = 18.4;
				MARKETING_VERSION = 1.0;
				PRODUCT_BUNDLE_IDENTIFIER = "com.fauzanspratama.edts-assignment-klik-product-detailTests";
				PRODUCT_NAME = "$(TARGET_NAME)";
				SWIFT_EMIT_LOC_STRINGS = NO;
				SWIFT_VERSION = 5.0;
				TARGETED_DEVICE_FAMILY = "1,2";
				TEST_HOST = "$(BUILT_PRODUCTS_DIR)/edts-assignment-klik-product-detail.app/$(BUNDLE_EXECUTABLE_FOLDER_PATH)/edts-assignment-klik-product-detail";
			};
			name = Release;
		};
		A2A27CBD2DDA5FE0007EFA69 /* Debug */ = {
			isa = XCBuildConfiguration;
			buildSettings = {
				CODE_SIGN_STYLE = Automatic;
				CURRENT_PROJECT_VERSION = 1;
				GENERATE_INFOPLIST_FILE = YES;
				MARKETING_VERSION = 1.0;
				PRODUCT_BUNDLE_IDENTIFIER = "com.fauzanspratama.edts-assignment-klik-product-detailUITests";
				PRODUCT_NAME = "$(TARGET_NAME)";
				SWIFT_EMIT_LOC_STRINGS = NO;
				SWIFT_VERSION = 5.0;
				TARGETED_DEVICE_FAMILY = "1,2";
				TEST_TARGET_NAME = "edts-assignment-klik-product-detail";
			};
			name = Debug;
		};
		A2A27CBE2DDA5FE0007EFA69 /* Release */ = {
			isa = XCBuildConfiguration;
			buildSettings = {
				CODE_SIGN_STYLE = Automatic;
				CURRENT_PROJECT_VERSION = 1;
				GENERATE_INFOPLIST_FILE = YES;
				MARKETING_VERSION = 1.0;
				PRODUCT_BUNDLE_IDENTIFIER = "com.fauzanspratama.edts-assignment-klik-product-detailUITests";
				PRODUCT_NAME = "$(TARGET_NAME)";
				SWIFT_EMIT_LOC_STRINGS = NO;
				SWIFT_VERSION = 5.0;
				TARGETED_DEVICE_FAMILY = "1,2";
				TEST_TARGET_NAME = "edts-assignment-klik-product-detail";
			};
			name = Release;
		};
/* End XCBuildConfiguration section */

/* Begin XCConfigurationList section */
		A2A27C902DDA5FE0007EFA69 /* Build configuration list for PBXProject "edts-assignment-klik-product-detail" */ = {
			isa = XCConfigurationList;
			buildConfigurations = (
				A2A27CB42DDA5FE0007EFA69 /* Debug */,
				A2A27CB52DDA5FE0007EFA69 /* Release */,
			);
			defaultConfigurationIsVisible = 0;
			defaultConfigurationName = Release;
		};
		A2A27CB62DDA5FE0007EFA69 /* Build configuration list for PBXNativeTarget "edts-assignment-klik-product-detail" */ = {
			isa = XCConfigurationList;
			buildConfigurations = (
				A2A27CB72DDA5FE0007EFA69 /* Debug */,
				A2A27CB82DDA5FE0007EFA69 /* Release */,
			);
			defaultConfigurationIsVisible = 0;
			defaultConfigurationName = Release;
		};
		A2A27CB92DDA5FE0007EFA69 /* Build configuration list for PBXNativeTarget "edts-assignment-klik-product-detailTests" */ = {
			isa = XCConfigurationList;
			buildConfigurations = (
				A2A27CBA2DDA5FE0007EFA69 /* Debug */,
				A2A27CBB2DDA5FE0007EFA69 /* Release */,
			);
			defaultConfigurationIsVisible = 0;
			defaultConfigurationName = Release;
		};
		A2A27CBC2DDA5FE0007EFA69 /* Build configuration list for PBXNativeTarget "edts-assignment-klik-product-detailUITests" */ = {
			isa = XCConfigurationList;
			buildConfigurations = (
				A2A27CBD2DDA5FE0007EFA69 /* Debug */,
				A2A27CBE2DDA5FE0007EFA69 /* Release */,
			);
			defaultConfigurationIsVisible = 0;
			defaultConfigurationName = Release;
		};
/* End XCConfigurationList section */
	};
	rootObject = A2A27C8D2DDA5FE0007EFA69 /* Project object */;
}
